
Microsoft Visual Studio Solution File, Format Version 12.00
# Visual Studio Version 17
VisualStudioVersion = 17.9.34728.123
MinimumVisualStudioVersion = 10.0.40219.1
Project("{9A19103F-16F7-4668-BE54-9A1E7A4F7556}") = "Lyt.Avalonia.MvvmTest", "Lyt.Avalonia.MvvmTest\Lyt.Avalonia.MvvmTest.csproj", "{15B111D6-10F4-467F-9521-1992C695D321}"
EndProject
Project("{9A19103F-16F7-4668-BE54-9A1E7A4F7556}") = "Lyt.Avalonia.MvvmTest.Desktop", "Lyt.Avalonia.MvvmTest.Desktop\Lyt.Avalonia.MvvmTest.Desktop.csproj", "{2C896282-557E-4C98-A2B2-6E597551BC42}"
EndProject
Project("{9A19103F-16F7-4668-BE54-9A1E7A4F7556}") = "Lyt.Avalonia.Mvvm", "Lyt.Avalonia.Mvvm\Lyt.Avalonia.Mvvm.csproj", "{0BC9C69B-F835-4E6D-841E-25406DF018A1}"
EndProject
Project("{9A19103F-16F7-4668-BE54-9A1E7A4F7556}") = "Lyt.Avalonia.Interfaces", "Lyt.Avalonia.Interfaces\Lyt.Avalonia.Interfaces.csproj", "{1EF5716F-46B5-4878-B1F4-821A759C8EF2}"
EndProject
Project("{9A19103F-16F7-4668-BE54-9A1E7A4F7556}") = "Lyt.Avalonia.StateMachine", "Lyt.Avalonia.StateMachine\Lyt.Avalonia.StateMachine.csproj", "{B3567F44-EFDF-4FBA-B978-7B404B855B7B}"
EndProject
Project("{9A19103F-16F7-4668-BE54-9A1E7A4F7556}") = "Lyt.Avalonia.Orchestrator", "Lyt.Avalonia.Orchestrator\Lyt.Avalonia.Orchestrator.csproj", "{EA46285A-34D7-4255-AA89-1E91DFAD1B22}"
EndProject
Project("{9A19103F-16F7-4668-BE54-9A1E7A4F7556}") = "Lyt.Avalonia.UserAdministration", "Lyt.Avalonia.UsersAdministration\Lyt.Avalonia.UserAdministration.csproj", "{CF67FBB2-EDA0-491C-AF38-2D6EEC4253C3}"
EndProject
Project("{9A19103F-16F7-4668-BE54-9A1E7A4F7556}") = "Lyt.Avalonia.Themes", "Lyt.Avalonia.Themes\Lyt.Avalonia.Themes.csproj", "{BAA70A80-D33D-41EB-A9DE-F9A7D4B9F66A}"
EndProject
Project("{FAE04EC0-301F-11D3-BF4B-00C04F79EFBC}") = "Lyt.Avalonia.Persistence", "Lyt.Avalonia.Persistence\Lyt.Avalonia.Persistence.csproj", "{977DF33E-AAB0-4AB8-B75F-0F0ED726B9CC}"
EndProject
Global
	GlobalSection(SolutionConfigurationPlatforms) = preSolution
		Debug|Any CPU = Debug|Any CPU
		Release|Any CPU = Release|Any CPU
	EndGlobalSection
	GlobalSection(ProjectConfigurationPlatforms) = postSolution
		{15B111D6-10F4-467F-9521-1992C695D321}.Debug|Any CPU.ActiveCfg = Debug|Any CPU
		{15B111D6-10F4-467F-9521-1992C695D321}.Debug|Any CPU.Build.0 = Debug|Any CPU
		{15B111D6-10F4-467F-9521-1992C695D321}.Release|Any CPU.ActiveCfg = Release|Any CPU
		{15B111D6-10F4-467F-9521-1992C695D321}.Release|Any CPU.Build.0 = Release|Any CPU
		{2C896282-557E-4C98-A2B2-6E597551BC42}.Debug|Any CPU.ActiveCfg = Debug|Any CPU
		{2C896282-557E-4C98-A2B2-6E597551BC42}.Debug|Any CPU.Build.0 = Debug|Any CPU
		{2C896282-557E-4C98-A2B2-6E597551BC42}.Release|Any CPU.ActiveCfg = Release|Any CPU
		{2C896282-557E-4C98-A2B2-6E597551BC42}.Release|Any CPU.Build.0 = Release|Any CPU
		{0BC9C69B-F835-4E6D-841E-25406DF018A1}.Debug|Any CPU.ActiveCfg = Debug|Any CPU
		{0BC9C69B-F835-4E6D-841E-25406DF018A1}.Debug|Any CPU.Build.0 = Debug|Any CPU
		{0BC9C69B-F835-4E6D-841E-25406DF018A1}.Release|Any CPU.ActiveCfg = Release|Any CPU
		{0BC9C69B-F835-4E6D-841E-25406DF018A1}.Release|Any CPU.Build.0 = Release|Any CPU
		{1EF5716F-46B5-4878-B1F4-821A759C8EF2}.Debug|Any CPU.ActiveCfg = Debug|Any CPU
		{1EF5716F-46B5-4878-B1F4-821A759C8EF2}.Debug|Any CPU.Build.0 = Debug|Any CPU
		{1EF5716F-46B5-4878-B1F4-821A759C8EF2}.Release|Any CPU.ActiveCfg = Release|Any CPU
		{1EF5716F-46B5-4878-B1F4-821A759C8EF2}.Release|Any CPU.Build.0 = Release|Any CPU
		{B3567F44-EFDF-4FBA-B978-7B404B855B7B}.Debug|Any CPU.ActiveCfg = Debug|Any CPU
		{B3567F44-EFDF-4FBA-B978-7B404B855B7B}.Debug|Any CPU.Build.0 = Debug|Any CPU
		{B3567F44-EFDF-4FBA-B978-7B404B855B7B}.Release|Any CPU.ActiveCfg = Release|Any CPU
		{B3567F44-EFDF-4FBA-B978-7B404B855B7B}.Release|Any CPU.Build.0 = Release|Any CPU
		{EA46285A-34D7-4255-AA89-1E91DFAD1B22}.Debug|Any CPU.ActiveCfg = Debug|Any CPU
		{EA46285A-34D7-4255-AA89-1E91DFAD1B22}.Debug|Any CPU.Build.0 = Debug|Any CPU
		{EA46285A-34D7-4255-AA89-1E91DFAD1B22}.Release|Any CPU.ActiveCfg = Release|Any CPU
		{EA46285A-34D7-4255-AA89-1E91DFAD1B22}.Release|Any CPU.Build.0 = Release|Any CPU
		{CF67FBB2-EDA0-491C-AF38-2D6EEC4253C3}.Debug|Any CPU.ActiveCfg = Debug|Any CPU
		{CF67FBB2-EDA0-491C-AF38-2D6EEC4253C3}.Debug|Any CPU.Build.0 = Debug|Any CPU
		{CF67FBB2-EDA0-491C-AF38-2D6EEC4253C3}.Release|Any CPU.ActiveCfg = Release|Any CPU
		{CF67FBB2-EDA0-491C-AF38-2D6EEC4253C3}.Release|Any CPU.Build.0 = Release|Any CPU
		{BAA70A80-D33D-41EB-A9DE-F9A7D4B9F66A}.Debug|Any CPU.ActiveCfg = Debug|Any CPU
		{BAA70A80-D33D-41EB-A9DE-F9A7D4B9F66A}.Debug|Any CPU.Build.0 = Debug|Any CPU
		{BAA70A80-D33D-41EB-A9DE-F9A7D4B9F66A}.Release|Any CPU.ActiveCfg = Release|Any CPU
		{BAA70A80-D33D-41EB-A9DE-F9A7D4B9F66A}.Release|Any CPU.Build.0 = Release|Any CPU
		{977DF33E-AAB0-4AB8-B75F-0F0ED726B9CC}.Debug|Any CPU.ActiveCfg = Debug|Any CPU
		{977DF33E-AAB0-4AB8-B75F-0F0ED726B9CC}.Debug|Any CPU.Build.0 = Debug|Any CPU
		{977DF33E-AAB0-4AB8-B75F-0F0ED726B9CC}.Release|Any CPU.ActiveCfg = Release|Any CPU
		{977DF33E-AAB0-4AB8-B75F-0F0ED726B9CC}.Release|Any CPU.Build.0 = Release|Any CPU
	EndGlobalSection
	GlobalSection(SolutionProperties) = preSolution
		HideSolutionNode = FALSE
	EndGlobalSection
	GlobalSection(ExtensibilityGlobals) = postSolution
		SolutionGuid = {BFAA0C7B-A1F3-4D59-B1DB-9ACD82D2C28C}
	EndGlobalSection
EndGlobal
