
Microsoft Visual Studio Solution File, Format Version 12.00
# Visual Studio Version 17
VisualStudioVersion = 17.9.34728.123
MinimumVisualStudioVersion = 10.0.40219.1
Project("{9A19103F-16F7-4668-BE54-9A1E7A4F7556}") = "Lyt.Avalonia.MvvmTest", "Lyt.Avalonia.MvvmTest\Lyt.Avalonia.MvvmTest.csproj", "{15B111D6-10F4-467F-9521-1992C695D321}"
EndProject
Project("{9A19103F-16F7-4668-BE54-9A1E7A4F7556}") = "Lyt.Avalonia.MvvmTest.Desktop", "Lyt.Avalonia.MvvmTest.Desktop\Lyt.Avalonia.MvvmTest.Desktop.csproj", "{2C896282-557E-4C98-A2B2-6E597551BC42}"
EndProject
Global
	GlobalSection(SolutionConfigurationPlatforms) = preSolution
		Debug|Any CPU = Debug|Any CPU
		Release|Any CPU = Release|Any CPU
	EndGlobalSection
	GlobalSection(ProjectConfigurationPlatforms) = postSolution
		{15B111D6-10F4-467F-9521-1992C695D321}.Debug|Any CPU.ActiveCfg = Debug|Any CPU
		{15B111D6-10F4-467F-9521-1992C695D321}.Debug|Any CPU.Build.0 = Debug|Any CPU
		{15B111D6-10F4-467F-9521-1992C695D321}.Release|Any CPU.ActiveCfg = Release|Any CPU
		{15B111D6-10F4-467F-9521-1992C695D321}.Release|Any CPU.Build.0 = Release|Any CPU
		{2C896282-557E-4C98-A2B2-6E597551BC42}.Debug|Any CPU.ActiveCfg = Debug|Any CPU
		{2C896282-557E-4C98-A2B2-6E597551BC42}.Debug|Any CPU.Build.0 = Debug|Any CPU
		{2C896282-557E-4C98-A2B2-6E597551BC42}.Release|Any CPU.ActiveCfg = Release|Any CPU
		{2C896282-557E-4C98-A2B2-6E597551BC42}.Release|Any CPU.Build.0 = Release|Any CPU
	EndGlobalSection
	GlobalSection(SolutionProperties) = preSolution
		HideSolutionNode = FALSE
	EndGlobalSection
	GlobalSection(ExtensibilityGlobals) = postSolution
		SolutionGuid = {BFAA0C7B-A1F3-4D59-B1DB-9ACD82D2C28C}
	EndGlobalSection
EndGlobal
